// !$*UTF8*$!
{
	archiveVersion = 1;
	classes = {
	};
	objectVersion = 46;
	objects = {

/* Begin PBXBuildFile section */
		42C33989E62FD240CB432831 /* Pods_GankMeiziTests.framework in Frameworks */ = {isa = PBXBuildFile; fileRef = B5D0B2CFA5CA3AC7CBA26CF5 /* Pods_GankMeiziTests.framework */; };
		6B9D1003578FCEAC2B562C03 /* Pods_GankMeizi.framework in Frameworks */ = {isa = PBXBuildFile; fileRef = 47E857479A6B8A5DC69C003B /* Pods_GankMeizi.framework */; };
		8010F1F266E3F265194BBCF1 /* Pods_GankMeiziUITests.framework in Frameworks */ = {isa = PBXBuildFile; fileRef = 3C346628FD39877009FA9D9D /* Pods_GankMeiziUITests.framework */; };
		A41318151CF3096C00E2FE93 /* DateUtil.swift in Sources */ = {isa = PBXBuildFile; fileRef = A41318141CF3096C00E2FE93 /* DateUtil.swift */; };
		A41318171CF362D400E2FE93 /* ThemeUtil.swift in Sources */ = {isa = PBXBuildFile; fileRef = A41318161CF362D400E2FE93 /* ThemeUtil.swift */; };
		A420B8DF1CEEB6F20089C22A /* AppIcon@2x.png in Resources */ = {isa = PBXBuildFile; fileRef = A420B8DD1CEEB6F20089C22A /* AppIcon@2x.png */; };
		A42383CC1CEEE27000CC9C1D /* GankIOService.swift in Sources */ = {isa = PBXBuildFile; fileRef = A42383CB1CEEE27000CC9C1D /* GankIOService.swift */; };
		A42383D01CEEF17700CC9C1D /* GankIOAPI.swift in Sources */ = {isa = PBXBuildFile; fileRef = A42383CF1CEEF17700CC9C1D /* GankIOAPI.swift */; };
		A43F41C81CF5F47E006E93D1 /* AboutViewController.swift in Sources */ = {isa = PBXBuildFile; fileRef = A43F41C71CF5F47E006E93D1 /* AboutViewController.swift */; };
		A43F41CC1CF6976E006E93D1 /* MainTabBarViewController.swift in Sources */ = {isa = PBXBuildFile; fileRef = A43F41CB1CF6976E006E93D1 /* MainTabBarViewController.swift */; };
		A43F41D51CF69F04006E93D1 /* about@2x.png in Resources */ = {isa = PBXBuildFile; fileRef = A43F41D31CF69F04006E93D1 /* about@2x.png */; };
		A43F41D61CF69F04006E93D1 /* about@3x.png in Resources */ = {isa = PBXBuildFile; fileRef = A43F41D41CF69F04006E93D1 /* about@3x.png */; };
		A43F41DB1CF6A175006E93D1 /* menu@2x.png in Resources */ = {isa = PBXBuildFile; fileRef = A43F41D71CF6A175006E93D1 /* menu@2x.png */; };
		A43F41DC1CF6A175006E93D1 /* menu@3x.png in Resources */ = {isa = PBXBuildFile; fileRef = A43F41D81CF6A175006E93D1 /* menu@3x.png */; };
		A43F41DD1CF6A175006E93D1 /* time@2x.png in Resources */ = {isa = PBXBuildFile; fileRef = A43F41D91CF6A175006E93D1 /* time@2x.png */; };
		A43F41DE1CF6A175006E93D1 /* time@3x.png in Resources */ = {isa = PBXBuildFile; fileRef = A43F41DA1CF6A175006E93D1 /* time@3x.png */; };
		A458DB131CEDD3D200563998 /* LoggerUtil.swift in Sources */ = {isa = PBXBuildFile; fileRef = A458DB121CEDD3D200563998 /* LoggerUtil.swift */; };
		A458DB191CEEAFF000563998 /* SplashTitle@2x.png in Resources */ = {isa = PBXBuildFile; fileRef = A458DB181CEEAFF000563998 /* SplashTitle@2x.png */; };
		A46939191CE9FD88004A896A /* AppDelegate.swift in Sources */ = {isa = PBXBuildFile; fileRef = A46939181CE9FD88004A896A /* AppDelegate.swift */; };
		A469391E1CE9FD88004A896A /* Main.storyboard in Resources */ = {isa = PBXBuildFile; fileRef = A469391C1CE9FD88004A896A /* Main.storyboard */; };
		A46939201CE9FD88004A896A /* Assets.xcassets in Resources */ = {isa = PBXBuildFile; fileRef = A469391F1CE9FD88004A896A /* Assets.xcassets */; };
		A46939231CE9FD88004A896A /* LaunchScreen.storyboard in Resources */ = {isa = PBXBuildFile; fileRef = A46939211CE9FD88004A896A /* LaunchScreen.storyboard */; };
		A469392E1CE9FD88004A896A /* GankMeiziTests.swift in Sources */ = {isa = PBXBuildFile; fileRef = A469392D1CE9FD88004A896A /* GankMeiziTests.swift */; };
		A46939391CE9FD88004A896A /* GankMeiziUITests.swift in Sources */ = {isa = PBXBuildFile; fileRef = A46939381CE9FD88004A896A /* GankMeiziUITests.swift */; };
		A469398B1CEDA32D004A896A /* Splash.storyboard in Resources */ = {isa = PBXBuildFile; fileRef = A469398A1CEDA32D004A896A /* Splash.storyboard */; };
		A469398D1CEDA5DB004A896A /* SplashViewController.swift in Sources */ = {isa = PBXBuildFile; fileRef = A469398C1CEDA5DB004A896A /* SplashViewController.swift */; };
		A46939901CEDA70B004A896A /* ControllerUtil.swift in Sources */ = {isa = PBXBuildFile; fileRef = A469398F1CEDA70B004A896A /* ControllerUtil.swift */; };
		A46939921CEDB866004A896A /* UserDefaultsUtil.swift in Sources */ = {isa = PBXBuildFile; fileRef = A46939911CEDB866004A896A /* UserDefaultsUtil.swift */; };
		A4CC777F1CF48A7D007A5EC0 /* DailyArticleEntity.swift in Sources */ = {isa = PBXBuildFile; fileRef = A4CC777D1CF48A7D007A5EC0 /* DailyArticleEntity.swift */; };
		A4CC77801CF48A7D007A5EC0 /* DailyArticleModel.swift in Sources */ = {isa = PBXBuildFile; fileRef = A4CC777E1CF48A7D007A5EC0 /* DailyArticleModel.swift */; };
		A4CC77821CF48B02007A5EC0 /* DailyArticleViewController.swift in Sources */ = {isa = PBXBuildFile; fileRef = A4CC77811CF48B02007A5EC0 /* DailyArticleViewController.swift */; };
		A4CC77851CF4A29C007A5EC0 /* DailyArticleTableViewCell.swift in Sources */ = {isa = PBXBuildFile; fileRef = A4CC77831CF4A29C007A5EC0 /* DailyArticleTableViewCell.swift */; };
		A4CC77861CF4A29C007A5EC0 /* DailyArticleTableViewCell.xib in Resources */ = {isa = PBXBuildFile; fileRef = A4CC77841CF4A29C007A5EC0 /* DailyArticleTableViewCell.xib */; };
		A4EFF0F21CF6B5FA0066D01E /* ArticleModel.swift in Sources */ = {isa = PBXBuildFile; fileRef = A4EFF0ED1CF6B5FA0066D01E /* ArticleModel.swift */; };
		A4EFF0F31CF6B5FA0066D01E /* MainViewController.swift in Sources */ = {isa = PBXBuildFile; fileRef = A4EFF0EE1CF6B5FA0066D01E /* MainViewController.swift */; };
		A4EFF0FB1CF6BBED0066D01E /* ArticleCollectionViewCell.xib in Resources */ = {isa = PBXBuildFile; fileRef = A4EFF0F41CF6BBED0066D01E /* ArticleCollectionViewCell.xib */; };
		A4EFF0FC1CF6BBED0066D01E /* ArticleCollectionViewCell.swift in Sources */ = {isa = PBXBuildFile; fileRef = A4EFF0F51CF6BBED0066D01E /* ArticleCollectionViewCell.swift */; };
		A4EFF0FD1CF6BBED0066D01E /* ArticleEntity.swift in Sources */ = {isa = PBXBuildFile; fileRef = A4EFF0F61CF6BBED0066D01E /* ArticleEntity.swift */; };
		A4EFF0FE1CF6BBED0066D01E /* BaseEntity.swift in Sources */ = {isa = PBXBuildFile; fileRef = A4EFF0F71CF6BBED0066D01E /* BaseEntity.swift */; };
		A4EFF0FF1CF6BBED0066D01E /* BaseModel.swift in Sources */ = {isa = PBXBuildFile; fileRef = A4EFF0F81CF6BBED0066D01E /* BaseModel.swift */; };
		A4EFF1001CF6BBED0066D01E /* HtmlArticleEntity.swift in Sources */ = {isa = PBXBuildFile; fileRef = A4EFF0F91CF6BBED0066D01E /* HtmlArticleEntity.swift */; };
		A4EFF1011CF6BBED0066D01E /* WebViewController.swift in Sources */ = {isa = PBXBuildFile; fileRef = A4EFF0FA1CF6BBED0066D01E /* WebViewController.swift */; };
		A4EFF1031CF6E9390066D01E /* AboutData.txt in Resources */ = {isa = PBXBuildFile; fileRef = A4EFF1021CF6E9390066D01E /* AboutData.txt */; };
/* End PBXBuildFile section */

/* Begin PBXContainerItemProxy section */
		A469392A1CE9FD88004A896A /* PBXContainerItemProxy */ = {
			isa = PBXContainerItemProxy;
			containerPortal = A469390D1CE9FD88004A896A /* Project object */;
			proxyType = 1;
			remoteGlobalIDString = A46939141CE9FD88004A896A;
			remoteInfo = GankMeizi;
		};
		A46939351CE9FD88004A896A /* PBXContainerItemProxy */ = {
			isa = PBXContainerItemProxy;
			containerPortal = A469390D1CE9FD88004A896A /* Project object */;
			proxyType = 1;
			remoteGlobalIDString = A46939141CE9FD88004A896A;
			remoteInfo = GankMeizi;
		};
/* End PBXContainerItemProxy section */

/* Begin PBXCopyFilesBuildPhase section */
		A469394D1CEA0431004A896A /* CopyFiles */ = {
			isa = PBXCopyFilesBuildPhase;
			buildActionMask = 2147483647;
			dstPath = "";
			dstSubfolderSpec = 16;
			files = (
			);
			runOnlyForDeploymentPostprocessing = 0;
		};
/* End PBXCopyFilesBuildPhase section */

/* Begin PBXFileReference section */
		31D4A71B1814C3093B54D4A6 /* Pods-GankMeiziTests.release.xcconfig */ = {isa = PBXFileReference; includeInIndex = 1; lastKnownFileType = text.xcconfig; name = "Pods-GankMeiziTests.release.xcconfig"; path = "Pods/Target Support Files/Pods-GankMeiziTests/Pods-GankMeiziTests.release.xcconfig"; sourceTree = "<group>"; };
		3C346628FD39877009FA9D9D /* Pods_GankMeiziUITests.framework */ = {isa = PBXFileReference; explicitFileType = wrapper.framework; includeInIndex = 0; path = Pods_GankMeiziUITests.framework; sourceTree = BUILT_PRODUCTS_DIR; };
		47E857479A6B8A5DC69C003B /* Pods_GankMeizi.framework */ = {isa = PBXFileReference; explicitFileType = wrapper.framework; includeInIndex = 0; path = Pods_GankMeizi.framework; sourceTree = BUILT_PRODUCTS_DIR; };
		7DC26479A11BBEB756C50AD6 /* Pods-GankMeizi.debug.xcconfig */ = {isa = PBXFileReference; includeInIndex = 1; lastKnownFileType = text.xcconfig; name = "Pods-GankMeizi.debug.xcconfig"; path = "Pods/Target Support Files/Pods-GankMeizi/Pods-GankMeizi.debug.xcconfig"; sourceTree = "<group>"; };
		895A1697041395BC2C6998F5 /* Pods-GankMeiziUITests.release.xcconfig */ = {isa = PBXFileReference; includeInIndex = 1; lastKnownFileType = text.xcconfig; name = "Pods-GankMeiziUITests.release.xcconfig"; path = "Pods/Target Support Files/Pods-GankMeiziUITests/Pods-GankMeiziUITests.release.xcconfig"; sourceTree = "<group>"; };
		93CF6F47F674554845C46BCD /* Pods-GankMeizi.release.xcconfig */ = {isa = PBXFileReference; includeInIndex = 1; lastKnownFileType = text.xcconfig; name = "Pods-GankMeizi.release.xcconfig"; path = "Pods/Target Support Files/Pods-GankMeizi/Pods-GankMeizi.release.xcconfig"; sourceTree = "<group>"; };
		A286EA5F704E02E502006E28 /* Pods-GankMeiziUITests.debug.xcconfig */ = {isa = PBXFileReference; includeInIndex = 1; lastKnownFileType = text.xcconfig; name = "Pods-GankMeiziUITests.debug.xcconfig"; path = "Pods/Target Support Files/Pods-GankMeiziUITests/Pods-GankMeiziUITests.debug.xcconfig"; sourceTree = "<group>"; };
		A41318141CF3096C00E2FE93 /* DateUtil.swift */ = {isa = PBXFileReference; fileEncoding = 4; lastKnownFileType = sourcecode.swift; path = DateUtil.swift; sourceTree = "<group>"; };
		A41318161CF362D400E2FE93 /* ThemeUtil.swift */ = {isa = PBXFileReference; fileEncoding = 4; lastKnownFileType = sourcecode.swift; path = ThemeUtil.swift; sourceTree = "<group>"; };
		A420B8DD1CEEB6F20089C22A /* AppIcon@2x.png */ = {isa = PBXFileReference; lastKnownFileType = image.png; path = "AppIcon@2x.png"; sourceTree = "<group>"; };
		A42383CB1CEEE27000CC9C1D /* GankIOService.swift */ = {isa = PBXFileReference; fileEncoding = 4; lastKnownFileType = sourcecode.swift; path = GankIOService.swift; sourceTree = "<group>"; };
		A42383CF1CEEF17700CC9C1D /* GankIOAPI.swift */ = {isa = PBXFileReference; fileEncoding = 4; lastKnownFileType = sourcecode.swift; path = GankIOAPI.swift; sourceTree = "<group>"; };
		A43F41C71CF5F47E006E93D1 /* AboutViewController.swift */ = {isa = PBXFileReference; fileEncoding = 4; lastKnownFileType = sourcecode.swift; path = AboutViewController.swift; sourceTree = "<group>"; };
		A43F41CB1CF6976E006E93D1 /* MainTabBarViewController.swift */ = {isa = PBXFileReference; fileEncoding = 4; lastKnownFileType = sourcecode.swift; path = MainTabBarViewController.swift; sourceTree = "<group>"; };
		A43F41D31CF69F04006E93D1 /* about@2x.png */ = {isa = PBXFileReference; lastKnownFileType = image.png; path = "about@2x.png"; sourceTree = "<group>"; };
		A43F41D41CF69F04006E93D1 /* about@3x.png */ = {isa = PBXFileReference; lastKnownFileType = image.png; path = "about@3x.png"; sourceTree = "<group>"; };
		A43F41D71CF6A175006E93D1 /* menu@2x.png */ = {isa = PBXFileReference; lastKnownFileType = image.png; path = "menu@2x.png"; sourceTree = "<group>"; };
		A43F41D81CF6A175006E93D1 /* menu@3x.png */ = {isa = PBXFileReference; lastKnownFileType = image.png; path = "menu@3x.png"; sourceTree = "<group>"; };
		A43F41D91CF6A175006E93D1 /* time@2x.png */ = {isa = PBXFileReference; lastKnownFileType = image.png; path = "time@2x.png"; sourceTree = "<group>"; };
		A43F41DA1CF6A175006E93D1 /* time@3x.png */ = {isa = PBXFileReference; lastKnownFileType = image.png; path = "time@3x.png"; sourceTree = "<group>"; };
		A458DB121CEDD3D200563998 /* LoggerUtil.swift */ = {isa = PBXFileReference; fileEncoding = 4; lastKnownFileType = sourcecode.swift; path = LoggerUtil.swift; sourceTree = "<group>"; };
		A458DB181CEEAFF000563998 /* SplashTitle@2x.png */ = {isa = PBXFileReference; lastKnownFileType = image.png; path = "SplashTitle@2x.png"; sourceTree = "<group>"; };
		A46939151CE9FD88004A896A /* 干货集中营.app */ = {isa = PBXFileReference; explicitFileType = wrapper.application; includeInIndex = 0; path = "干货集中营.app"; sourceTree = BUILT_PRODUCTS_DIR; };
		A46939181CE9FD88004A896A /* AppDelegate.swift */ = {isa = PBXFileReference; lastKnownFileType = sourcecode.swift; path = AppDelegate.swift; sourceTree = "<group>"; };
		A469391D1CE9FD88004A896A /* Base */ = {isa = PBXFileReference; lastKnownFileType = file.storyboard; name = Base; path = Base.lproj/Main.storyboard; sourceTree = "<group>"; };
		A469391F1CE9FD88004A896A /* Assets.xcassets */ = {isa = PBXFileReference; lastKnownFileType = folder.assetcatalog; path = Assets.xcassets; sourceTree = "<group>"; };
		A46939221CE9FD88004A896A /* Base */ = {isa = PBXFileReference; lastKnownFileType = file.storyboard; name = Base; path = Base.lproj/LaunchScreen.storyboard; sourceTree = "<group>"; };
		A46939241CE9FD88004A896A /* Info.plist */ = {isa = PBXFileReference; lastKnownFileType = text.plist.xml; path = Info.plist; sourceTree = "<group>"; };
		A46939291CE9FD88004A896A /* GankMeiziTests.xctest */ = {isa = PBXFileReference; explicitFileType = wrapper.cfbundle; includeInIndex = 0; path = GankMeiziTests.xctest; sourceTree = BUILT_PRODUCTS_DIR; };
		A469392D1CE9FD88004A896A /* GankMeiziTests.swift */ = {isa = PBXFileReference; lastKnownFileType = sourcecode.swift; path = GankMeiziTests.swift; sourceTree = "<group>"; };
		A469392F1CE9FD88004A896A /* Info.plist */ = {isa = PBXFileReference; lastKnownFileType = text.plist.xml; path = Info.plist; sourceTree = "<group>"; };
		A46939341CE9FD88004A896A /* GankMeiziUITests.xctest */ = {isa = PBXFileReference; explicitFileType = wrapper.cfbundle; includeInIndex = 0; path = GankMeiziUITests.xctest; sourceTree = BUILT_PRODUCTS_DIR; };
		A46939381CE9FD88004A896A /* GankMeiziUITests.swift */ = {isa = PBXFileReference; lastKnownFileType = sourcecode.swift; path = GankMeiziUITests.swift; sourceTree = "<group>"; };
		A469393A1CE9FD88004A896A /* Info.plist */ = {isa = PBXFileReference; lastKnownFileType = text.plist.xml; path = Info.plist; sourceTree = "<group>"; };
		A469398A1CEDA32D004A896A /* Splash.storyboard */ = {isa = PBXFileReference; fileEncoding = 4; lastKnownFileType = file.storyboard; path = Splash.storyboard; sourceTree = "<group>"; };
		A469398C1CEDA5DB004A896A /* SplashViewController.swift */ = {isa = PBXFileReference; fileEncoding = 4; lastKnownFileType = sourcecode.swift; path = SplashViewController.swift; sourceTree = "<group>"; };
		A469398F1CEDA70B004A896A /* ControllerUtil.swift */ = {isa = PBXFileReference; fileEncoding = 4; lastKnownFileType = sourcecode.swift; path = ControllerUtil.swift; sourceTree = "<group>"; };
		A46939911CEDB866004A896A /* UserDefaultsUtil.swift */ = {isa = PBXFileReference; fileEncoding = 4; lastKnownFileType = sourcecode.swift; path = UserDefaultsUtil.swift; sourceTree = "<group>"; };
		A4CC777D1CF48A7D007A5EC0 /* DailyArticleEntity.swift */ = {isa = PBXFileReference; fileEncoding = 4; lastKnownFileType = sourcecode.swift; path = DailyArticleEntity.swift; sourceTree = "<group>"; };
		A4CC777E1CF48A7D007A5EC0 /* DailyArticleModel.swift */ = {isa = PBXFileReference; fileEncoding = 4; lastKnownFileType = sourcecode.swift; path = DailyArticleModel.swift; sourceTree = "<group>"; };
		A4CC77811CF48B02007A5EC0 /* DailyArticleViewController.swift */ = {isa = PBXFileReference; fileEncoding = 4; lastKnownFileType = sourcecode.swift; path = DailyArticleViewController.swift; sourceTree = "<group>"; };
		A4CC77831CF4A29C007A5EC0 /* DailyArticleTableViewCell.swift */ = {isa = PBXFileReference; fileEncoding = 4; lastKnownFileType = sourcecode.swift; path = DailyArticleTableViewCell.swift; sourceTree = "<group>"; };
		A4CC77841CF4A29C007A5EC0 /* DailyArticleTableViewCell.xib */ = {isa = PBXFileReference; fileEncoding = 4; lastKnownFileType = file.xib; path = DailyArticleTableViewCell.xib; sourceTree = "<group>"; };
		A4EFF0ED1CF6B5FA0066D01E /* ArticleModel.swift */ = {isa = PBXFileReference; fileEncoding = 4; lastKnownFileType = sourcecode.swift; path = ArticleModel.swift; sourceTree = "<group>"; };
		A4EFF0EE1CF6B5FA0066D01E /* MainViewController.swift */ = {isa = PBXFileReference; fileEncoding = 4; lastKnownFileType = sourcecode.swift; path = MainViewController.swift; sourceTree = "<group>"; };
		A4EFF0F41CF6BBED0066D01E /* ArticleCollectionViewCell.xib */ = {isa = PBXFileReference; fileEncoding = 4; lastKnownFileType = file.xib; path = ArticleCollectionViewCell.xib; sourceTree = "<group>"; };
		A4EFF0F51CF6BBED0066D01E /* ArticleCollectionViewCell.swift */ = {isa = PBXFileReference; fileEncoding = 4; lastKnownFileType = sourcecode.swift; path = ArticleCollectionViewCell.swift; sourceTree = "<group>"; };
		A4EFF0F61CF6BBED0066D01E /* ArticleEntity.swift */ = {isa = PBXFileReference; fileEncoding = 4; lastKnownFileType = sourcecode.swift; path = ArticleEntity.swift; sourceTree = "<group>"; };
		A4EFF0F71CF6BBED0066D01E /* BaseEntity.swift */ = {isa = PBXFileReference; fileEncoding = 4; lastKnownFileType = sourcecode.swift; path = BaseEntity.swift; sourceTree = "<group>"; };
		A4EFF0F81CF6BBED0066D01E /* BaseModel.swift */ = {isa = PBXFileReference; fileEncoding = 4; lastKnownFileType = sourcecode.swift; path = BaseModel.swift; sourceTree = "<group>"; };
		A4EFF0F91CF6BBED0066D01E /* HtmlArticleEntity.swift */ = {isa = PBXFileReference; fileEncoding = 4; lastKnownFileType = sourcecode.swift; path = HtmlArticleEntity.swift; sourceTree = "<group>"; };
		A4EFF0FA1CF6BBED0066D01E /* WebViewController.swift */ = {isa = PBXFileReference; fileEncoding = 4; lastKnownFileType = sourcecode.swift; path = WebViewController.swift; sourceTree = "<group>"; };
		A4EFF1021CF6E9390066D01E /* AboutData.txt */ = {isa = PBXFileReference; fileEncoding = 4; lastKnownFileType = text; path = AboutData.txt; sourceTree = "<group>"; };
		B5D0B2CFA5CA3AC7CBA26CF5 /* Pods_GankMeiziTests.framework */ = {isa = PBXFileReference; explicitFileType = wrapper.framework; includeInIndex = 0; path = Pods_GankMeiziTests.framework; sourceTree = BUILT_PRODUCTS_DIR; };
		B93B1DD9B40CF6A0536E2B8D /* Pods-GankMeiziTests.debug.xcconfig */ = {isa = PBXFileReference; includeInIndex = 1; lastKnownFileType = text.xcconfig; name = "Pods-GankMeiziTests.debug.xcconfig"; path = "Pods/Target Support Files/Pods-GankMeiziTests/Pods-GankMeiziTests.debug.xcconfig"; sourceTree = "<group>"; };
/* End PBXFileReference section */

/* Begin PBXFrameworksBuildPhase section */
		A46939121CE9FD88004A896A /* Frameworks */ = {
			isa = PBXFrameworksBuildPhase;
			buildActionMask = 2147483647;
			files = (
				6B9D1003578FCEAC2B562C03 /* Pods_GankMeizi.framework in Frameworks */,
			);
			runOnlyForDeploymentPostprocessing = 0;
		};
		A46939261CE9FD88004A896A /* Frameworks */ = {
			isa = PBXFrameworksBuildPhase;
			buildActionMask = 2147483647;
			files = (
				42C33989E62FD240CB432831 /* Pods_GankMeiziTests.framework in Frameworks */,
			);
			runOnlyForDeploymentPostprocessing = 0;
		};
		A46939311CE9FD88004A896A /* Frameworks */ = {
			isa = PBXFrameworksBuildPhase;
			buildActionMask = 2147483647;
			files = (
				8010F1F266E3F265194BBCF1 /* Pods_GankMeiziUITests.framework in Frameworks */,
			);
			runOnlyForDeploymentPostprocessing = 0;
		};
/* End PBXFrameworksBuildPhase section */

/* Begin PBXGroup section */
		47F7631A9E738CD1ADB06CFA /* Frameworks */ = {
			isa = PBXGroup;
			children = (
				47E857479A6B8A5DC69C003B /* Pods_GankMeizi.framework */,
				B5D0B2CFA5CA3AC7CBA26CF5 /* Pods_GankMeiziTests.framework */,
				3C346628FD39877009FA9D9D /* Pods_GankMeiziUITests.framework */,
			);
			name = Frameworks;
			sourceTree = "<group>";
		};
		A43F41C61CF5F467006E93D1 /* About */ = {
			isa = PBXGroup;
			children = (
				A43F41C71CF5F47E006E93D1 /* AboutViewController.swift */,
				A4EFF1021CF6E9390066D01E /* AboutData.txt */,
			);
			path = About;
			sourceTree = "<group>";
		};
		A469390C1CE9FD88004A896A = {
			isa = PBXGroup;
			children = (
				A46939821CECB1DF004A896A /* dSYM */,
				A46939171CE9FD88004A896A /* GankMeizi */,
				A469392C1CE9FD88004A896A /* GankMeiziTests */,
				A46939371CE9FD88004A896A /* GankMeiziUITests */,
				A46939161CE9FD88004A896A /* Products */,
				E3BFD0FFD39039056EABA8EA /* Pods */,
				47F7631A9E738CD1ADB06CFA /* Frameworks */,
			);
			sourceTree = "<group>";
		};
		A46939161CE9FD88004A896A /* Products */ = {
			isa = PBXGroup;
			children = (
				A46939151CE9FD88004A896A /* 干货集中营.app */,
				A46939291CE9FD88004A896A /* GankMeiziTests.xctest */,
				A46939341CE9FD88004A896A /* GankMeiziUITests.xctest */,
			);
			name = Products;
			sourceTree = "<group>";
		};
		A46939171CE9FD88004A896A /* GankMeizi */ = {
			isa = PBXGroup;
			children = (
				A43F41C61CF5F467006E93D1 /* About */,
				A46939181CE9FD88004A896A /* AppDelegate.swift */,
				A4EFF0F51CF6BBED0066D01E /* ArticleCollectionViewCell.swift */,
				A4EFF0F41CF6BBED0066D01E /* ArticleCollectionViewCell.xib */,
				A4EFF0F61CF6BBED0066D01E /* ArticleEntity.swift */,
				A469391F1CE9FD88004A896A /* Assets.xcassets */,
				A4EFF0F71CF6BBED0066D01E /* BaseEntity.swift */,
				A4EFF0F81CF6BBED0066D01E /* BaseModel.swift */,
				A4CC777C1CF48946007A5EC0 /* DailyArticle */,
				A42383CF1CEEF17700CC9C1D /* GankIOAPI.swift */,
				A42383CB1CEEE27000CC9C1D /* GankIOService.swift */,
				A4EFF0F91CF6BBED0066D01E /* HtmlArticleEntity.swift */,
				A46939241CE9FD88004A896A /* Info.plist */,
				A46939211CE9FD88004A896A /* LaunchScreen.storyboard */,
				A469391C1CE9FD88004A896A /* Main.storyboard */,
				A43F41CB1CF6976E006E93D1 /* MainTabBarViewController.swift */,
				A4EFF0E91CF6B58B0066D01E /* Recent */,
				A46939841CED9E7D004A896A /* Resources */,
				A46939811CEC9FEC004A896A /* Splash */,
				A469398E1CEDA6E3004A896A /* Utils */,
				A4EFF0FA1CF6BBED0066D01E /* WebViewController.swift */,
			);
			path = GankMeizi;
			sourceTree = "<group>";
		};
		A469392C1CE9FD88004A896A /* GankMeiziTests */ = {
			isa = PBXGroup;
			children = (
				A469392D1CE9FD88004A896A /* GankMeiziTests.swift */,
				A469392F1CE9FD88004A896A /* Info.plist */,
			);
			path = GankMeiziTests;
			sourceTree = "<group>";
		};
		A46939371CE9FD88004A896A /* GankMeiziUITests */ = {
			isa = PBXGroup;
			children = (
				A46939381CE9FD88004A896A /* GankMeiziUITests.swift */,
				A469393A1CE9FD88004A896A /* Info.plist */,
			);
			path = GankMeiziUITests;
			sourceTree = "<group>";
		};
		A46939811CEC9FEC004A896A /* Splash */ = {
			isa = PBXGroup;
			children = (
				A469398A1CEDA32D004A896A /* Splash.storyboard */,
				A469398C1CEDA5DB004A896A /* SplashViewController.swift */,
			);
			path = Splash;
			sourceTree = "<group>";
		};
		A46939821CECB1DF004A896A /* dSYM */ = {
			isa = PBXGroup;
			children = (
			);
			name = dSYM;
			sourceTree = "<group>";
		};
		A46939841CED9E7D004A896A /* Resources */ = {
			isa = PBXGroup;
			children = (
				A46939851CED9E7D004A896A /* Images */,
			);
			path = Resources;
			sourceTree = "<group>";
		};
		A46939851CED9E7D004A896A /* Images */ = {
			isa = PBXGroup;
			children = (
				A43F41D71CF6A175006E93D1 /* menu@2x.png */,
				A43F41D81CF6A175006E93D1 /* menu@3x.png */,
				A43F41D91CF6A175006E93D1 /* time@2x.png */,
				A43F41DA1CF6A175006E93D1 /* time@3x.png */,
				A43F41D31CF69F04006E93D1 /* about@2x.png */,
				A43F41D41CF69F04006E93D1 /* about@3x.png */,
				A420B8DD1CEEB6F20089C22A /* AppIcon@2x.png */,
				A458DB181CEEAFF000563998 /* SplashTitle@2x.png */,
			);
			path = Images;
			sourceTree = "<group>";
		};
		A469398E1CEDA6E3004A896A /* Utils */ = {
			isa = PBXGroup;
			children = (
				A469398F1CEDA70B004A896A /* ControllerUtil.swift */,
				A46939911CEDB866004A896A /* UserDefaultsUtil.swift */,
				A458DB121CEDD3D200563998 /* LoggerUtil.swift */,
				A41318141CF3096C00E2FE93 /* DateUtil.swift */,
				A41318161CF362D400E2FE93 /* ThemeUtil.swift */,
			);
			path = Utils;
			sourceTree = "<group>";
		};
		A4CC777C1CF48946007A5EC0 /* DailyArticle */ = {
			isa = PBXGroup;
			children = (
				A4CC777D1CF48A7D007A5EC0 /* DailyArticleEntity.swift */,
				A4CC777E1CF48A7D007A5EC0 /* DailyArticleModel.swift */,
				A4CC77811CF48B02007A5EC0 /* DailyArticleViewController.swift */,
				A4CC77831CF4A29C007A5EC0 /* DailyArticleTableViewCell.swift */,
				A4CC77841CF4A29C007A5EC0 /* DailyArticleTableViewCell.xib */,
			);
			path = DailyArticle;
			sourceTree = "<group>";
		};
		A4EFF0E91CF6B58B0066D01E /* Recent */ = {
			isa = PBXGroup;
			children = (
				A4EFF0ED1CF6B5FA0066D01E /* ArticleModel.swift */,
				A4EFF0EE1CF6B5FA0066D01E /* MainViewController.swift */,
			);
			path = Recent;
			sourceTree = "<group>";
		};
		E3BFD0FFD39039056EABA8EA /* Pods */ = {
			isa = PBXGroup;
			children = (
				7DC26479A11BBEB756C50AD6 /* Pods-GankMeizi.debug.xcconfig */,
				93CF6F47F674554845C46BCD /* Pods-GankMeizi.release.xcconfig */,
				B93B1DD9B40CF6A0536E2B8D /* Pods-GankMeiziTests.debug.xcconfig */,
				31D4A71B1814C3093B54D4A6 /* Pods-GankMeiziTests.release.xcconfig */,
				A286EA5F704E02E502006E28 /* Pods-GankMeiziUITests.debug.xcconfig */,
				895A1697041395BC2C6998F5 /* Pods-GankMeiziUITests.release.xcconfig */,
			);
			name = Pods;
			sourceTree = "<group>";
		};
/* End PBXGroup section */

/* Begin PBXNativeTarget section */
		A46939141CE9FD88004A896A /* GankMeizi */ = {
			isa = PBXNativeTarget;
			buildConfigurationList = A469393D1CE9FD88004A896A /* Build configuration list for PBXNativeTarget "GankMeizi" */;
			buildPhases = (
				D8B83DCA32F8ECB439486A1F /* 📦 Check Pods Manifest.lock */,
				A46939111CE9FD88004A896A /* Sources */,
				A46939121CE9FD88004A896A /* Frameworks */,
				A46939131CE9FD88004A896A /* Resources */,
				A469394D1CEA0431004A896A /* CopyFiles */,
				52730A0F8C7DA6374684BFC2 /* 📦 Embed Pods Frameworks */,
				CA6B7B75E96CD9EC911B449E /* 📦 Copy Pods Resources */,
			);
			buildRules = (
			);
			dependencies = (
			);
			name = GankMeizi;
			productName = GankMeizi;
			productReference = A46939151CE9FD88004A896A /* 干货集中营.app */;
			productType = "com.apple.product-type.application";
		};
		A46939281CE9FD88004A896A /* GankMeiziTests */ = {
			isa = PBXNativeTarget;
			buildConfigurationList = A46939401CE9FD88004A896A /* Build configuration list for PBXNativeTarget "GankMeiziTests" */;
			buildPhases = (
				F244551C7B9F53582F147B5B /* 📦 Check Pods Manifest.lock */,
				A46939251CE9FD88004A896A /* Sources */,
				A46939261CE9FD88004A896A /* Frameworks */,
				A46939271CE9FD88004A896A /* Resources */,
				7CB814589AE106039A0E8330 /* 📦 Embed Pods Frameworks */,
				A98668866A823F10F5E461D8 /* 📦 Copy Pods Resources */,
			);
			buildRules = (
			);
			dependencies = (
				A469392B1CE9FD88004A896A /* PBXTargetDependency */,
			);
			name = GankMeiziTests;
			productName = GankMeiziTests;
			productReference = A46939291CE9FD88004A896A /* GankMeiziTests.xctest */;
			productType = "com.apple.product-type.bundle.unit-test";
		};
		A46939331CE9FD88004A896A /* GankMeiziUITests */ = {
			isa = PBXNativeTarget;
			buildConfigurationList = A46939431CE9FD88004A896A /* Build configuration list for PBXNativeTarget "GankMeiziUITests" */;
			buildPhases = (
				D92146477E747AF8D6FE61F0 /* 📦 Check Pods Manifest.lock */,
				A46939301CE9FD88004A896A /* Sources */,
				A46939311CE9FD88004A896A /* Frameworks */,
				A46939321CE9FD88004A896A /* Resources */,
				79F2AE83CAD0620C9EAF014F /* 📦 Copy Pods Resources */,
			);
			buildRules = (
			);
			dependencies = (
				A46939361CE9FD88004A896A /* PBXTargetDependency */,
			);
			name = GankMeiziUITests;
			productName = GankMeiziUITests;
			productReference = A46939341CE9FD88004A896A /* GankMeiziUITests.xctest */;
			productType = "com.apple.product-type.bundle.ui-testing";
		};
/* End PBXNativeTarget section */

/* Begin PBXProject section */
		A469390D1CE9FD88004A896A /* Project object */ = {
			isa = PBXProject;
			attributes = {
				LastSwiftUpdateCheck = 0730;
				LastUpgradeCheck = 0730;
				ORGANIZATIONNAME = lulee007;
				TargetAttributes = {
					A46939141CE9FD88004A896A = {
						CreatedOnToolsVersion = 7.3.1;
						DevelopmentTeam = 786JTEL4KV;
					};
					A46939281CE9FD88004A896A = {
						CreatedOnToolsVersion = 7.3.1;
						TestTargetID = A46939141CE9FD88004A896A;
					};
					A46939331CE9FD88004A896A = {
						CreatedOnToolsVersion = 7.3.1;
						TestTargetID = A46939141CE9FD88004A896A;
					};
				};
			};
			buildConfigurationList = A46939101CE9FD88004A896A /* Build configuration list for PBXProject "GankMeizi" */;
			compatibilityVersion = "Xcode 3.2";
			developmentRegion = English;
			hasScannedForEncodings = 0;
			knownRegions = (
				en,
				Base,
			);
			mainGroup = A469390C1CE9FD88004A896A;
			productRefGroup = A46939161CE9FD88004A896A /* Products */;
			projectDirPath = "";
			projectRoot = "";
			targets = (
				A46939141CE9FD88004A896A /* GankMeizi */,
				A46939281CE9FD88004A896A /* GankMeiziTests */,
				A46939331CE9FD88004A896A /* GankMeiziUITests */,
			);
		};
/* End PBXProject section */

/* Begin PBXResourcesBuildPhase section */
		A46939131CE9FD88004A896A /* Resources */ = {
			isa = PBXResourcesBuildPhase;
			buildActionMask = 2147483647;
			files = (
				A4EFF1031CF6E9390066D01E /* AboutData.txt in Resources */,
				A43F41DB1CF6A175006E93D1 /* menu@2x.png in Resources */,
				A4EFF0FB1CF6BBED0066D01E /* ArticleCollectionViewCell.xib in Resources */,
				A4CC77861CF4A29C007A5EC0 /* DailyArticleTableViewCell.xib in Resources */,
				A420B8DF1CEEB6F20089C22A /* AppIcon@2x.png in Resources */,
				A43F41D61CF69F04006E93D1 /* about@3x.png in Resources */,
				A46939231CE9FD88004A896A /* LaunchScreen.storyboard in Resources */,
				A43F41DE1CF6A175006E93D1 /* time@3x.png in Resources */,
				A469398B1CEDA32D004A896A /* Splash.storyboard in Resources */,
				A46939201CE9FD88004A896A /* Assets.xcassets in Resources */,
				A43F41D51CF69F04006E93D1 /* about@2x.png in Resources */,
				A469391E1CE9FD88004A896A /* Main.storyboard in Resources */,
				A43F41DC1CF6A175006E93D1 /* menu@3x.png in Resources */,
				A43F41DD1CF6A175006E93D1 /* time@2x.png in Resources */,
				A458DB191CEEAFF000563998 /* SplashTitle@2x.png in Resources */,
			);
			runOnlyForDeploymentPostprocessing = 0;
		};
		A46939271CE9FD88004A896A /* Resources */ = {
			isa = PBXResourcesBuildPhase;
			buildActionMask = 2147483647;
			files = (
			);
			runOnlyForDeploymentPostprocessing = 0;
		};
		A46939321CE9FD88004A896A /* Resources */ = {
			isa = PBXResourcesBuildPhase;
			buildActionMask = 2147483647;
			files = (
			);
			runOnlyForDeploymentPostprocessing = 0;
		};
/* End PBXResourcesBuildPhase section */

/* Begin PBXShellScriptBuildPhase section */
		52730A0F8C7DA6374684BFC2 /* 📦 Embed Pods Frameworks */ = {
			isa = PBXShellScriptBuildPhase;
			buildActionMask = 2147483647;
			files = (
			);
			inputPaths = (
			);
			name = "📦 Embed Pods Frameworks";
			outputPaths = (
			);
			runOnlyForDeploymentPostprocessing = 0;
			shellPath = /bin/sh;
			shellScript = "\"${SRCROOT}/Pods/Target Support Files/Pods-GankMeizi/Pods-GankMeizi-frameworks.sh\"\n";
			showEnvVarsInLog = 0;
		};
		79F2AE83CAD0620C9EAF014F /* 📦 Copy Pods Resources */ = {
			isa = PBXShellScriptBuildPhase;
			buildActionMask = 2147483647;
			files = (
			);
			inputPaths = (
			);
			name = "📦 Copy Pods Resources";
			outputPaths = (
			);
			runOnlyForDeploymentPostprocessing = 0;
			shellPath = /bin/sh;
			shellScript = "\"${SRCROOT}/Pods/Target Support Files/Pods-GankMeiziUITests/Pods-GankMeiziUITests-resources.sh\"\n";
			showEnvVarsInLog = 0;
		};
		7CB814589AE106039A0E8330 /* 📦 Embed Pods Frameworks */ = {
			isa = PBXShellScriptBuildPhase;
			buildActionMask = 2147483647;
			files = (
			);
			inputPaths = (
			);
			name = "📦 Embed Pods Frameworks";
			outputPaths = (
			);
			runOnlyForDeploymentPostprocessing = 0;
			shellPath = /bin/sh;
			shellScript = "\"${SRCROOT}/Pods/Target Support Files/Pods-GankMeiziTests/Pods-GankMeiziTests-frameworks.sh\"\n";
			showEnvVarsInLog = 0;
		};
		A98668866A823F10F5E461D8 /* 📦 Copy Pods Resources */ = {
			isa = PBXShellScriptBuildPhase;
			buildActionMask = 2147483647;
			files = (
			);
			inputPaths = (
			);
			name = "📦 Copy Pods Resources";
			outputPaths = (
			);
			runOnlyForDeploymentPostprocessing = 0;
			shellPath = /bin/sh;
			shellScript = "\"${SRCROOT}/Pods/Target Support Files/Pods-GankMeiziTests/Pods-GankMeiziTests-resources.sh\"\n";
			showEnvVarsInLog = 0;
		};
		CA6B7B75E96CD9EC911B449E /* 📦 Copy Pods Resources */ = {
			isa = PBXShellScriptBuildPhase;
			buildActionMask = 2147483647;
			files = (
			);
			inputPaths = (
			);
			name = "📦 Copy Pods Resources";
			outputPaths = (
			);
			runOnlyForDeploymentPostprocessing = 0;
			shellPath = /bin/sh;
			shellScript = "\"${SRCROOT}/Pods/Target Support Files/Pods-GankMeizi/Pods-GankMeizi-resources.sh\"\n";
			showEnvVarsInLog = 0;
		};
		D8B83DCA32F8ECB439486A1F /* 📦 Check Pods Manifest.lock */ = {
			isa = PBXShellScriptBuildPhase;
			buildActionMask = 2147483647;
			files = (
			);
			inputPaths = (
			);
			name = "📦 Check Pods Manifest.lock";
			outputPaths = (
			);
			runOnlyForDeploymentPostprocessing = 0;
			shellPath = /bin/sh;
			shellScript = "diff \"${PODS_ROOT}/../Podfile.lock\" \"${PODS_ROOT}/Manifest.lock\" > /dev/null\nif [[ $? != 0 ]] ; then\n    cat << EOM\nerror: The sandbox is not in sync with the Podfile.lock. Run 'pod install' or update your CocoaPods installation.\nEOM\n    exit 1\nfi\n";
			showEnvVarsInLog = 0;
		};
		D92146477E747AF8D6FE61F0 /* 📦 Check Pods Manifest.lock */ = {
			isa = PBXShellScriptBuildPhase;
			buildActionMask = 2147483647;
			files = (
			);
			inputPaths = (
			);
			name = "📦 Check Pods Manifest.lock";
			outputPaths = (
			);
			runOnlyForDeploymentPostprocessing = 0;
			shellPath = /bin/sh;
			shellScript = "diff \"${PODS_ROOT}/../Podfile.lock\" \"${PODS_ROOT}/Manifest.lock\" > /dev/null\nif [[ $? != 0 ]] ; then\n    cat << EOM\nerror: The sandbox is not in sync with the Podfile.lock. Run 'pod install' or update your CocoaPods installation.\nEOM\n    exit 1\nfi\n";
			showEnvVarsInLog = 0;
		};
		F244551C7B9F53582F147B5B /* 📦 Check Pods Manifest.lock */ = {
			isa = PBXShellScriptBuildPhase;
			buildActionMask = 2147483647;
			files = (
			);
			inputPaths = (
			);
			name = "📦 Check Pods Manifest.lock";
			outputPaths = (
			);
			runOnlyForDeploymentPostprocessing = 0;
			shellPath = /bin/sh;
			shellScript = "diff \"${PODS_ROOT}/../Podfile.lock\" \"${PODS_ROOT}/Manifest.lock\" > /dev/null\nif [[ $? != 0 ]] ; then\n    cat << EOM\nerror: The sandbox is not in sync with the Podfile.lock. Run 'pod install' or update your CocoaPods installation.\nEOM\n    exit 1\nfi\n";
			showEnvVarsInLog = 0;
		};
/* End PBXShellScriptBuildPhase section */

/* Begin PBXSourcesBuildPhase section */
		A46939111CE9FD88004A896A /* Sources */ = {
			isa = PBXSourcesBuildPhase;
			buildActionMask = 2147483647;
			files = (
				A41318171CF362D400E2FE93 /* ThemeUtil.swift in Sources */,
				A43F41C81CF5F47E006E93D1 /* AboutViewController.swift in Sources */,
				A4CC77821CF48B02007A5EC0 /* DailyArticleViewController.swift in Sources */,
				A4EFF0FC1CF6BBED0066D01E /* ArticleCollectionViewCell.swift in Sources */,
				A469398D1CEDA5DB004A896A /* SplashViewController.swift in Sources */,
				A43F41CC1CF6976E006E93D1 /* MainTabBarViewController.swift in Sources */,
				A41318151CF3096C00E2FE93 /* DateUtil.swift in Sources */,
				A4EFF0F21CF6B5FA0066D01E /* ArticleModel.swift in Sources */,
				A46939191CE9FD88004A896A /* AppDelegate.swift in Sources */,
				A4EFF0FF1CF6BBED0066D01E /* BaseModel.swift in Sources */,
				A4CC777F1CF48A7D007A5EC0 /* DailyArticleEntity.swift in Sources */,
				A4EFF0F31CF6B5FA0066D01E /* MainViewController.swift in Sources */,
				A4EFF0FE1CF6BBED0066D01E /* BaseEntity.swift in Sources */,
				A4CC77801CF48A7D007A5EC0 /* DailyArticleModel.swift in Sources */,
				A4EFF1011CF6BBED0066D01E /* WebViewController.swift in Sources */,
				A4EFF1001CF6BBED0066D01E /* HtmlArticleEntity.swift in Sources */,
				A4CC77851CF4A29C007A5EC0 /* DailyArticleTableViewCell.swift in Sources */,
				A4EFF0FD1CF6BBED0066D01E /* ArticleEntity.swift in Sources */,
				A458DB131CEDD3D200563998 /* LoggerUtil.swift in Sources */,
				A42383CC1CEEE27000CC9C1D /* GankIOService.swift in Sources */,
				A42383D01CEEF17700CC9C1D /* GankIOAPI.swift in Sources */,
				A46939921CEDB866004A896A /* UserDefaultsUtil.swift in Sources */,
				A46939901CEDA70B004A896A /* ControllerUtil.swift in Sources */,
			);
			runOnlyForDeploymentPostprocessing = 0;
		};
		A46939251CE9FD88004A896A /* Sources */ = {
			isa = PBXSourcesBuildPhase;
			buildActionMask = 2147483647;
			files = (
				A469392E1CE9FD88004A896A /* GankMeiziTests.swift in Sources */,
			);
			runOnlyForDeploymentPostprocessing = 0;
		};
		A46939301CE9FD88004A896A /* Sources */ = {
			isa = PBXSourcesBuildPhase;
			buildActionMask = 2147483647;
			files = (
				A46939391CE9FD88004A896A /* GankMeiziUITests.swift in Sources */,
			);
			runOnlyForDeploymentPostprocessing = 0;
		};
/* End PBXSourcesBuildPhase section */

/* Begin PBXTargetDependency section */
		A469392B1CE9FD88004A896A /* PBXTargetDependency */ = {
			isa = PBXTargetDependency;
			target = A46939141CE9FD88004A896A /* GankMeizi */;
			targetProxy = A469392A1CE9FD88004A896A /* PBXContainerItemProxy */;
		};
		A46939361CE9FD88004A896A /* PBXTargetDependency */ = {
			isa = PBXTargetDependency;
			target = A46939141CE9FD88004A896A /* GankMeizi */;
			targetProxy = A46939351CE9FD88004A896A /* PBXContainerItemProxy */;
		};
/* End PBXTargetDependency section */

/* Begin PBXVariantGroup section */
		A469391C1CE9FD88004A896A /* Main.storyboard */ = {
			isa = PBXVariantGroup;
			children = (
				A469391D1CE9FD88004A896A /* Base */,
			);
			name = Main.storyboard;
			sourceTree = "<group>";
		};
		A46939211CE9FD88004A896A /* LaunchScreen.storyboard */ = {
			isa = PBXVariantGroup;
			children = (
				A46939221CE9FD88004A896A /* Base */,
			);
			name = LaunchScreen.storyboard;
			sourceTree = "<group>";
		};
/* End PBXVariantGroup section */

/* Begin XCBuildConfiguration section */
		A469393B1CE9FD88004A896A /* Debug */ = {
			isa = XCBuildConfiguration;
			buildSettings = {
				ALWAYS_SEARCH_USER_PATHS = NO;
				CLANG_ANALYZER_NONNULL = YES;
				CLANG_CXX_LANGUAGE_STANDARD = "gnu++0x";
				CLANG_CXX_LIBRARY = "libc++";
				CLANG_ENABLE_MODULES = YES;
				CLANG_ENABLE_OBJC_ARC = YES;
				CLANG_WARN_BOOL_CONVERSION = YES;
				CLANG_WARN_CONSTANT_CONVERSION = YES;
				CLANG_WARN_DIRECT_OBJC_ISA_USAGE = YES_ERROR;
				CLANG_WARN_EMPTY_BODY = YES;
				CLANG_WARN_ENUM_CONVERSION = YES;
				CLANG_WARN_INT_CONVERSION = YES;
				CLANG_WARN_OBJC_ROOT_CLASS = YES_ERROR;
				CLANG_WARN_UNREACHABLE_CODE = YES;
				CLANG_WARN__DUPLICATE_METHOD_MATCH = YES;
				"CODE_SIGN_IDENTITY[sdk=iphoneos*]" = "iPhone Developer";
				COPY_PHASE_STRIP = NO;
				DEBUG_INFORMATION_FORMAT = dwarf;
				ENABLE_STRICT_OBJC_MSGSEND = YES;
				ENABLE_TESTABILITY = YES;
				GCC_C_LANGUAGE_STANDARD = gnu99;
				GCC_DYNAMIC_NO_PIC = NO;
				GCC_NO_COMMON_BLOCKS = YES;
				GCC_OPTIMIZATION_LEVEL = 0;
				GCC_PREPROCESSOR_DEFINITIONS = (
					"DEBUG=1",
					"$(inherited)",
				);
				GCC_WARN_64_TO_32_BIT_CONVERSION = YES;
				GCC_WARN_ABOUT_RETURN_TYPE = YES_ERROR;
				GCC_WARN_UNDECLARED_SELECTOR = YES;
				GCC_WARN_UNINITIALIZED_AUTOS = YES_AGGRESSIVE;
				GCC_WARN_UNUSED_FUNCTION = YES;
				GCC_WARN_UNUSED_VARIABLE = YES;
				IPHONEOS_DEPLOYMENT_TARGET = 9.3;
				MTL_ENABLE_DEBUG_INFO = YES;
				ONLY_ACTIVE_ARCH = YES;
				SDKROOT = iphoneos;
				SWIFT_OPTIMIZATION_LEVEL = "-Onone";
			};
			name = Debug;
		};
		A469393C1CE9FD88004A896A /* Release */ = {
			isa = XCBuildConfiguration;
			buildSettings = {
				ALWAYS_SEARCH_USER_PATHS = NO;
				CLANG_ANALYZER_NONNULL = YES;
				CLANG_CXX_LANGUAGE_STANDARD = "gnu++0x";
				CLANG_CXX_LIBRARY = "libc++";
				CLANG_ENABLE_MODULES = YES;
				CLANG_ENABLE_OBJC_ARC = YES;
				CLANG_WARN_BOOL_CONVERSION = YES;
				CLANG_WARN_CONSTANT_CONVERSION = YES;
				CLANG_WARN_DIRECT_OBJC_ISA_USAGE = YES_ERROR;
				CLANG_WARN_EMPTY_BODY = YES;
				CLANG_WARN_ENUM_CONVERSION = YES;
				CLANG_WARN_INT_CONVERSION = YES;
				CLANG_WARN_OBJC_ROOT_CLASS = YES_ERROR;
				CLANG_WARN_UNREACHABLE_CODE = YES;
				CLANG_WARN__DUPLICATE_METHOD_MATCH = YES;
				"CODE_SIGN_IDENTITY[sdk=iphoneos*]" = "iPhone Developer";
				COPY_PHASE_STRIP = NO;
				DEBUG_INFORMATION_FORMAT = "dwarf-with-dsym";
				ENABLE_NS_ASSERTIONS = NO;
				ENABLE_STRICT_OBJC_MSGSEND = YES;
				GCC_C_LANGUAGE_STANDARD = gnu99;
				GCC_NO_COMMON_BLOCKS = YES;
				GCC_WARN_64_TO_32_BIT_CONVERSION = YES;
				GCC_WARN_ABOUT_RETURN_TYPE = YES_ERROR;
				GCC_WARN_UNDECLARED_SELECTOR = YES;
				GCC_WARN_UNINITIALIZED_AUTOS = YES_AGGRESSIVE;
				GCC_WARN_UNUSED_FUNCTION = YES;
				GCC_WARN_UNUSED_VARIABLE = YES;
				IPHONEOS_DEPLOYMENT_TARGET = 9.3;
				MTL_ENABLE_DEBUG_INFO = NO;
				SDKROOT = iphoneos;
				VALIDATE_PRODUCT = YES;
			};
			name = Release;
		};
		A469393E1CE9FD88004A896A /* Debug */ = {
			isa = XCBuildConfiguration;
			baseConfigurationReference = 7DC26479A11BBEB756C50AD6 /* Pods-GankMeizi.debug.xcconfig */;
			buildSettings = {
				ASSETCATALOG_COMPILER_APPICON_NAME = AppIcon;
				CODE_SIGN_IDENTITY = "iPhone Developer";
				"CODE_SIGN_IDENTITY[sdk=iphoneos*]" = "iPhone Developer";
				FRAMEWORK_SEARCH_PATHS = "$(inherited)";
				INFOPLIST_FILE = GankMeizi/Info.plist;
				IPHONEOS_DEPLOYMENT_TARGET = 8.0;
				LD_RUNPATH_SEARCH_PATHS = "$(inherited) @executable_path/Frameworks";
				PRODUCT_BUNDLE_IDENTIFIER = com.handsmap.GankMeizi;
				PRODUCT_NAME = "干货集中营";
				PROVISIONING_PROFILE = "";
			};
			name = Debug;
		};
		A469393F1CE9FD88004A896A /* Release */ = {
			isa = XCBuildConfiguration;
			baseConfigurationReference = 93CF6F47F674554845C46BCD /* Pods-GankMeizi.release.xcconfig */;
			buildSettings = {
				ASSETCATALOG_COMPILER_APPICON_NAME = AppIcon;
				CODE_SIGN_IDENTITY = "iPhone Developer";
				"CODE_SIGN_IDENTITY[sdk=iphoneos*]" = "iPhone Developer";
				FRAMEWORK_SEARCH_PATHS = "$(inherited)";
				INFOPLIST_FILE = GankMeizi/Info.plist;
				IPHONEOS_DEPLOYMENT_TARGET = 8.0;
				LD_RUNPATH_SEARCH_PATHS = "$(inherited) @executable_path/Frameworks";
				PRODUCT_BUNDLE_IDENTIFIER = com.handsmap.GankMeizi;
				PRODUCT_NAME = "干货集中营";
				PROVISIONING_PROFILE = "";
			};
			name = Release;
		};
		A46939411CE9FD88004A896A /* Debug */ = {
			isa = XCBuildConfiguration;
			baseConfigurationReference = B93B1DD9B40CF6A0536E2B8D /* Pods-GankMeiziTests.debug.xcconfig */;
			buildSettings = {
				BUNDLE_LOADER = "$(TEST_HOST)";
				INFOPLIST_FILE = GankMeiziTests/Info.plist;
				LD_RUNPATH_SEARCH_PATHS = "$(inherited) @executable_path/Frameworks @loader_path/Frameworks";
				PRODUCT_BUNDLE_IDENTIFIER = com.lulee007.GankMeiziTests;
				PRODUCT_NAME = "$(TARGET_NAME)";
				TEST_HOST = "$(BUILT_PRODUCTS_DIR)/GankMeizi.app/GankMeizi";
			};
			name = Debug;
		};
		A46939421CE9FD88004A896A /* Release */ = {
			isa = XCBuildConfiguration;
			baseConfigurationReference = 31D4A71B1814C3093B54D4A6 /* Pods-GankMeiziTests.release.xcconfig */;
			buildSettings = {
				BUNDLE_LOADER = "$(TEST_HOST)";
				INFOPLIST_FILE = GankMeiziTests/Info.plist;
				LD_RUNPATH_SEARCH_PATHS = "$(inherited) @executable_path/Frameworks @loader_path/Frameworks";
				PRODUCT_BUNDLE_IDENTIFIER = com.lulee007.GankMeiziTests;
				PRODUCT_NAME = "$(TARGET_NAME)";
				TEST_HOST = "$(BUILT_PRODUCTS_DIR)/GankMeizi.app/GankMeizi";
			};
			name = Release;
		};
		A46939441CE9FD88004A896A /* Debug */ = {
			isa = XCBuildConfiguration;
			baseConfigurationReference = A286EA5F704E02E502006E28 /* Pods-GankMeiziUITests.debug.xcconfig */;
			buildSettings = {
				INFOPLIST_FILE = GankMeiziUITests/Info.plist;
				LD_RUNPATH_SEARCH_PATHS = "$(inherited) @executable_path/Frameworks @loader_path/Frameworks";
				PRODUCT_BUNDLE_IDENTIFIER = com.lulee007.GankMeiziUITests;
				PRODUCT_NAME = "$(TARGET_NAME)";
				TEST_TARGET_NAME = GankMeizi;
			};
			name = Debug;
		};
		A46939451CE9FD88004A896A /* Release */ = {
			isa = XCBuildConfiguration;
			baseConfigurationReference = 895A1697041395BC2C6998F5 /* Pods-GankMeiziUITests.release.xcconfig */;
			buildSettings = {
				INFOPLIST_FILE = GankMeiziUITests/Info.plist;
				LD_RUNPATH_SEARCH_PATHS = "$(inherited) @executable_path/Frameworks @loader_path/Frameworks";
				PRODUCT_BUNDLE_IDENTIFIER = com.lulee007.GankMeiziUITests;
				PRODUCT_NAME = "$(TARGET_NAME)";
				TEST_TARGET_NAME = GankMeizi;
			};
			name = Release;
		};
/* End XCBuildConfiguration section */

/* Begin XCConfigurationList section */
		A46939101CE9FD88004A896A /* Build configuration list for PBXProject "GankMeizi" */ = {
			isa = XCConfigurationList;
			buildConfigurations = (
				A469393B1CE9FD88004A896A /* Debug */,
				A469393C1CE9FD88004A896A /* Release */,
			);
			defaultConfigurationIsVisible = 0;
			defaultConfigurationName = Release;
		};
		A469393D1CE9FD88004A896A /* Build configuration list for PBXNativeTarget "GankMeizi" */ = {
			isa = XCConfigurationList;
			buildConfigurations = (
				A469393E1CE9FD88004A896A /* Debug */,
				A469393F1CE9FD88004A896A /* Release */,
			);
			defaultConfigurationIsVisible = 0;
			defaultConfigurationName = Release;
		};
		A46939401CE9FD88004A896A /* Build configuration list for PBXNativeTarget "GankMeiziTests" */ = {
			isa = XCConfigurationList;
			buildConfigurations = (
				A46939411CE9FD88004A896A /* Debug */,
				A46939421CE9FD88004A896A /* Release */,
			);
			defaultConfigurationIsVisible = 0;
			defaultConfigurationName = Release;
		};
		A46939431CE9FD88004A896A /* Build configuration list for PBXNativeTarget "GankMeiziUITests" */ = {
			isa = XCConfigurationList;
			buildConfigurations = (
				A46939441CE9FD88004A896A /* Debug */,
				A46939451CE9FD88004A896A /* Release */,
			);
			defaultConfigurationIsVisible = 0;
			defaultConfigurationName = Release;
		};
/* End XCConfigurationList section */
	};
	rootObject = A469390D1CE9FD88004A896A /* Project object */;
}
